// !$*UTF8*$!
{
	archiveVersion = 1;
	classes = {
	};
	objectVersion = 52;
	objects = {

/* Begin PBXBuildFile section */
		1D06193A233096D200A8054C /* AppDelegate.swift in Sources */ = {isa = PBXBuildFile; fileRef = 1D061939233096D200A8054C /* AppDelegate.swift */; };
		1D06193C233096D200A8054C /* SceneDelegate.swift in Sources */ = {isa = PBXBuildFile; fileRef = 1D06193B233096D200A8054C /* SceneDelegate.swift */; };
		1D06193F233096D200A8054C /* periodic_table.xcdatamodeld in Sources */ = {isa = PBXBuildFile; fileRef = 1D06193D233096D200A8054C /* periodic_table.xcdatamodeld */; };
		1D061941233096D200A8054C /* ContentView.swift in Sources */ = {isa = PBXBuildFile; fileRef = 1D061940233096D200A8054C /* ContentView.swift */; };
		1D061943233096D300A8054C /* Assets.xcassets in Resources */ = {isa = PBXBuildFile; fileRef = 1D061942233096D300A8054C /* Assets.xcassets */; };
		1D061946233096D300A8054C /* Preview Assets.xcassets in Resources */ = {isa = PBXBuildFile; fileRef = 1D061945233096D300A8054C /* Preview Assets.xcassets */; };
		1D061949233096D300A8054C /* LaunchScreen.storyboard in Resources */ = {isa = PBXBuildFile; fileRef = 1D061947233096D300A8054C /* LaunchScreen.storyboard */; };
		1D0619522330994200A8054C /* PeriodicElement.swift in Sources */ = {isa = PBXBuildFile; fileRef = 1D0619512330994200A8054C /* PeriodicElement.swift */; };
		1D0619552330998300A8054C /* PeriodicTableJSON.json in Resources */ = {isa = PBXBuildFile; fileRef = 1D0619542330998300A8054C /* PeriodicTableJSON.json */; };
		1D63A06F23F3CEF900C693BB /* Matrix.swift in Sources */ = {isa = PBXBuildFile; fileRef = 1D63A06E23F3CEF900C693BB /* Matrix.swift */; };
		1D63A07123F3CF2500C693BB /* PeriodicElement+Extension.swift in Sources */ = {isa = PBXBuildFile; fileRef = 1D63A07023F3CF2500C693BB /* PeriodicElement+Extension.swift */; };
		1D63A07423F407DF00C693BB /* Color+Extension.swift in Sources */ = {isa = PBXBuildFile; fileRef = 1D63A07323F407DF00C693BB /* Color+Extension.swift */; };
		1DD5F2F823FD428F000C7D8E /* ElementDetailView.swift in Sources */ = {isa = PBXBuildFile; fileRef = 1DD5F2F723FD428F000C7D8E /* ElementDetailView.swift */; };
		1DD5F2FB23FD48DC000C7D8E /* SDWebImageSwiftUI in Frameworks */ = {isa = PBXBuildFile; productRef = 1DD5F2FA23FD48DC000C7D8E /* SDWebImageSwiftUI */; };
/* End PBXBuildFile section */

/* Begin PBXFileReference section */
		1D061936233096D200A8054C /* periodic-table.app */ = {isa = PBXFileReference; explicitFileType = wrapper.application; includeInIndex = 0; path = "periodic-table.app"; sourceTree = BUILT_PRODUCTS_DIR; };
		1D061939233096D200A8054C /* AppDelegate.swift */ = {isa = PBXFileReference; lastKnownFileType = sourcecode.swift; path = AppDelegate.swift; sourceTree = "<group>"; };
		1D06193B233096D200A8054C /* SceneDelegate.swift */ = {isa = PBXFileReference; lastKnownFileType = sourcecode.swift; path = SceneDelegate.swift; sourceTree = "<group>"; };
		1D06193E233096D200A8054C /* periodic_table.xcdatamodel */ = {isa = PBXFileReference; lastKnownFileType = wrapper.xcdatamodel; path = periodic_table.xcdatamodel; sourceTree = "<group>"; };
		1D061940233096D200A8054C /* ContentView.swift */ = {isa = PBXFileReference; lastKnownFileType = sourcecode.swift; path = ContentView.swift; sourceTree = "<group>"; };
		1D061942233096D300A8054C /* Assets.xcassets */ = {isa = PBXFileReference; lastKnownFileType = folder.assetcatalog; path = Assets.xcassets; sourceTree = "<group>"; };
		1D061945233096D300A8054C /* Preview Assets.xcassets */ = {isa = PBXFileReference; lastKnownFileType = folder.assetcatalog; path = "Preview Assets.xcassets"; sourceTree = "<group>"; };
		1D061948233096D300A8054C /* Base */ = {isa = PBXFileReference; lastKnownFileType = file.storyboard; name = Base; path = Base.lproj/LaunchScreen.storyboard; sourceTree = "<group>"; };
		1D06194A233096D300A8054C /* Info.plist */ = {isa = PBXFileReference; lastKnownFileType = text.plist.xml; path = Info.plist; sourceTree = "<group>"; };
		1D0619512330994200A8054C /* PeriodicElement.swift */ = {isa = PBXFileReference; fileEncoding = 4; lastKnownFileType = sourcecode.swift; path = PeriodicElement.swift; sourceTree = "<group>"; };
		1D0619542330998300A8054C /* PeriodicTableJSON.json */ = {isa = PBXFileReference; fileEncoding = 4; lastKnownFileType = text.json; path = PeriodicTableJSON.json; sourceTree = "<group>"; };
		1D63A06E23F3CEF900C693BB /* Matrix.swift */ = {isa = PBXFileReference; lastKnownFileType = sourcecode.swift; path = Matrix.swift; sourceTree = "<group>"; };
		1D63A07023F3CF2500C693BB /* PeriodicElement+Extension.swift */ = {isa = PBXFileReference; lastKnownFileType = sourcecode.swift; path = "PeriodicElement+Extension.swift"; sourceTree = "<group>"; };
		1D63A07323F407DF00C693BB /* Color+Extension.swift */ = {isa = PBXFileReference; lastKnownFileType = sourcecode.swift; path = "Color+Extension.swift"; sourceTree = "<group>"; };
		1DD5F2F723FD428F000C7D8E /* ElementDetailView.swift */ = {isa = PBXFileReference; lastKnownFileType = sourcecode.swift; path = ElementDetailView.swift; sourceTree = "<group>"; };
/* End PBXFileReference section */

/* Begin PBXFrameworksBuildPhase section */
		1D061933233096D200A8054C /* Frameworks */ = {
			isa = PBXFrameworksBuildPhase;
			buildActionMask = 2147483647;
			files = (
				1DD5F2FB23FD48DC000C7D8E /* SDWebImageSwiftUI in Frameworks */,
			);
			runOnlyForDeploymentPostprocessing = 0;
		};
/* End PBXFrameworksBuildPhase section */

/* Begin PBXGroup section */
		1D06192D233096D200A8054C = {
			isa = PBXGroup;
			children = (
				1D061938233096D200A8054C /* periodic-table */,
				1D061937233096D200A8054C /* Products */,
			);
			sourceTree = "<group>";
		};
		1D061937233096D200A8054C /* Products */ = {
			isa = PBXGroup;
			children = (
				1D061936233096D200A8054C /* periodic-table.app */,
			);
			name = Products;
			sourceTree = "<group>";
		};
		1D061938233096D200A8054C /* periodic-table */ = {
			isa = PBXGroup;
			children = (
				1DD5F2F623FD427C000C7D8E /* Views */,
				1D63A07223F407D100C693BB /* Extension */,
				1D0619532330997800A8054C /* Resources */,
				1D0619502330994200A8054C /* Data */,
				1D061939233096D200A8054C /* AppDelegate.swift */,
				1D06193B233096D200A8054C /* SceneDelegate.swift */,
				1D061940233096D200A8054C /* ContentView.swift */,
				1D061942233096D300A8054C /* Assets.xcassets */,
				1D061947233096D300A8054C /* LaunchScreen.storyboard */,
				1D06194A233096D300A8054C /* Info.plist */,
				1D06193D233096D200A8054C /* periodic_table.xcdatamodeld */,
				1D061944233096D300A8054C /* Preview Content */,
			);
			path = "periodic-table";
			sourceTree = "<group>";
		};
		1D061944233096D300A8054C /* Preview Content */ = {
			isa = PBXGroup;
			children = (
				1D061945233096D300A8054C /* Preview Assets.xcassets */,
			);
			path = "Preview Content";
			sourceTree = "<group>";
		};
		1D0619502330994200A8054C /* Data */ = {
			isa = PBXGroup;
			children = (
				1D0619512330994200A8054C /* PeriodicElement.swift */,
				1D63A06E23F3CEF900C693BB /* Matrix.swift */,
				1D63A07023F3CF2500C693BB /* PeriodicElement+Extension.swift */,
			);
			path = Data;
			sourceTree = "<group>";
		};
		1D0619532330997800A8054C /* Resources */ = {
			isa = PBXGroup;
			children = (
				1D0619542330998300A8054C /* PeriodicTableJSON.json */,
			);
			path = Resources;
			sourceTree = "<group>";
		};
		1D63A07223F407D100C693BB /* Extension */ = {
			isa = PBXGroup;
			children = (
				1D63A07323F407DF00C693BB /* Color+Extension.swift */,
			);
			path = Extension;
			sourceTree = "<group>";
		};
		1DD5F2F623FD427C000C7D8E /* Views */ = {
			isa = PBXGroup;
			children = (
				1DD5F2F723FD428F000C7D8E /* ElementDetailView.swift */,
			);
			path = Views;
			sourceTree = "<group>";
		};
/* End PBXGroup section */

/* Begin PBXNativeTarget section */
		1D061935233096D200A8054C /* periodic-table */ = {
			isa = PBXNativeTarget;
			buildConfigurationList = 1D06194D233096D300A8054C /* Build configuration list for PBXNativeTarget "periodic-table" */;
			buildPhases = (
				1D061932233096D200A8054C /* Sources */,
				1D061933233096D200A8054C /* Frameworks */,
				1D061934233096D200A8054C /* Resources */,
			);
			buildRules = (
			);
			dependencies = (
			);
			name = "periodic-table";
			packageProductDependencies = (
				1DD5F2FA23FD48DC000C7D8E /* SDWebImageSwiftUI */,
			);
			productName = "periodic-table";
			productReference = 1D061936233096D200A8054C /* periodic-table.app */;
			productType = "com.apple.product-type.application";
		};
/* End PBXNativeTarget section */

/* Begin PBXProject section */
		1D06192E233096D200A8054C /* Project object */ = {
			isa = PBXProject;
			attributes = {
				LastSwiftUpdateCheck = 1100;
				LastUpgradeCheck = 1100;
				ORGANIZATIONNAME = Able;
				TargetAttributes = {
					1D061935233096D200A8054C = {
						CreatedOnToolsVersion = 11.0;
					};
				};
			};
			buildConfigurationList = 1D061931233096D200A8054C /* Build configuration list for PBXProject "periodic-table" */;
			compatibilityVersion = "Xcode 9.3";
			developmentRegion = en;
			hasScannedForEncodings = 0;
			knownRegions = (
				en,
				Base,
			);
			mainGroup = 1D06192D233096D200A8054C;
			packageReferences = (
				1DD5F2F923FD48DC000C7D8E /* XCRemoteSwiftPackageReference "SDWebImageSwiftUI" */,
			);
			productRefGroup = 1D061937233096D200A8054C /* Products */;
			projectDirPath = "";
			projectRoot = "";
			targets = (
				1D061935233096D200A8054C /* periodic-table */,
			);
		};
/* End PBXProject section */

/* Begin PBXResourcesBuildPhase section */
		1D061934233096D200A8054C /* Resources */ = {
			isa = PBXResourcesBuildPhase;
			buildActionMask = 2147483647;
			files = (
				1D061949233096D300A8054C /* LaunchScreen.storyboard in Resources */,
				1D061946233096D300A8054C /* Preview Assets.xcassets in Resources */,
				1D061943233096D300A8054C /* Assets.xcassets in Resources */,
				1D0619552330998300A8054C /* PeriodicTableJSON.json in Resources */,
			);
			runOnlyForDeploymentPostprocessing = 0;
		};
/* End PBXResourcesBuildPhase section */

/* Begin PBXSourcesBuildPhase section */
		1D061932233096D200A8054C /* Sources */ = {
			isa = PBXSourcesBuildPhase;
			buildActionMask = 2147483647;
			files = (
				1D0619522330994200A8054C /* PeriodicElement.swift in Sources */,
				1DD5F2F823FD428F000C7D8E /* ElementDetailView.swift in Sources */,
				1D63A07123F3CF2500C693BB /* PeriodicElement+Extension.swift in Sources */,
				1D06193F233096D200A8054C /* periodic_table.xcdatamodeld in Sources */,
				1D63A06F23F3CEF900C693BB /* Matrix.swift in Sources */,
				1D06193A233096D200A8054C /* AppDelegate.swift in Sources */,
				1D061941233096D200A8054C /* ContentView.swift in Sources */,
				1D06193C233096D200A8054C /* SceneDelegate.swift in Sources */,
				1D63A07423F407DF00C693BB /* Color+Extension.swift in Sources */,
			);
			runOnlyForDeploymentPostprocessing = 0;
		};
/* End PBXSourcesBuildPhase section */

/* Begin PBXVariantGroup section */
		1D061947233096D300A8054C /* LaunchScreen.storyboard */ = {
			isa = PBXVariantGroup;
			children = (
				1D061948233096D300A8054C /* Base */,
			);
			name = LaunchScreen.storyboard;
			sourceTree = "<group>";
		};
/* End PBXVariantGroup section */

/* Begin XCBuildConfiguration section */
		1D06194B233096D300A8054C /* Debug */ = {
			isa = XCBuildConfiguration;
			buildSettings = {
				ALWAYS_SEARCH_USER_PATHS = NO;
				CLANG_ANALYZER_NONNULL = YES;
				CLANG_ANALYZER_NUMBER_OBJECT_CONVERSION = YES_AGGRESSIVE;
				CLANG_CXX_LANGUAGE_STANDARD = "gnu++14";
				CLANG_CXX_LIBRARY = "libc++";
				CLANG_ENABLE_MODULES = YES;
				CLANG_ENABLE_OBJC_ARC = YES;
				CLANG_ENABLE_OBJC_WEAK = YES;
				CLANG_WARN_BLOCK_CAPTURE_AUTORELEASING = YES;
				CLANG_WARN_BOOL_CONVERSION = YES;
				CLANG_WARN_COMMA = YES;
				CLANG_WARN_CONSTANT_CONVERSION = YES;
				CLANG_WARN_DEPRECATED_OBJC_IMPLEMENTATIONS = YES;
				CLANG_WARN_DIRECT_OBJC_ISA_USAGE = YES_ERROR;
				CLANG_WARN_DOCUMENTATION_COMMENTS = YES;
				CLANG_WARN_EMPTY_BODY = YES;
				CLANG_WARN_ENUM_CONVERSION = YES;
				CLANG_WARN_INFINITE_RECURSION = YES;
				CLANG_WARN_INT_CONVERSION = YES;
				CLANG_WARN_NON_LITERAL_NULL_CONVERSION = YES;
				CLANG_WARN_OBJC_IMPLICIT_RETAIN_SELF = YES;
				CLANG_WARN_OBJC_LITERAL_CONVERSION = YES;
				CLANG_WARN_OBJC_ROOT_CLASS = YES_ERROR;
				CLANG_WARN_RANGE_LOOP_ANALYSIS = YES;
				CLANG_WARN_STRICT_PROTOTYPES = YES;
				CLANG_WARN_SUSPICIOUS_MOVE = YES;
				CLANG_WARN_UNGUARDED_AVAILABILITY = YES_AGGRESSIVE;
				CLANG_WARN_UNREACHABLE_CODE = YES;
				CLANG_WARN__DUPLICATE_METHOD_MATCH = YES;
				COPY_PHASE_STRIP = NO;
				DEBUG_INFORMATION_FORMAT = dwarf;
				ENABLE_STRICT_OBJC_MSGSEND = YES;
				ENABLE_TESTABILITY = YES;
				GCC_C_LANGUAGE_STANDARD = gnu11;
				GCC_DYNAMIC_NO_PIC = NO;
				GCC_NO_COMMON_BLOCKS = YES;
				GCC_OPTIMIZATION_LEVEL = 0;
				GCC_PREPROCESSOR_DEFINITIONS = (
					"DEBUG=1",
					"$(inherited)",
				);
				GCC_WARN_64_TO_32_BIT_CONVERSION = YES;
				GCC_WARN_ABOUT_RETURN_TYPE = YES_ERROR;
				GCC_WARN_UNDECLARED_SELECTOR = YES;
				GCC_WARN_UNINITIALIZED_AUTOS = YES_AGGRESSIVE;
				GCC_WARN_UNUSED_FUNCTION = YES;
				GCC_WARN_UNUSED_VARIABLE = YES;
				IPHONEOS_DEPLOYMENT_TARGET = 13.0;
				MTL_ENABLE_DEBUG_INFO = INCLUDE_SOURCE;
				MTL_FAST_MATH = YES;
				ONLY_ACTIVE_ARCH = YES;
				SDKROOT = iphoneos;
				SWIFT_ACTIVE_COMPILATION_CONDITIONS = DEBUG;
				SWIFT_OPTIMIZATION_LEVEL = "-Onone";
			};
			name = Debug;
		};
		1D06194C233096D300A8054C /* Release */ = {
			isa = XCBuildConfiguration;
			buildSettings = {
				ALWAYS_SEARCH_USER_PATHS = NO;
				CLANG_ANALYZER_NONNULL = YES;
				CLANG_ANALYZER_NUMBER_OBJECT_CONVERSION = YES_AGGRESSIVE;
				CLANG_CXX_LANGUAGE_STANDARD = "gnu++14";
				CLANG_CXX_LIBRARY = "libc++";
				CLANG_ENABLE_MODULES = YES;
				CLANG_ENABLE_OBJC_ARC = YES;
				CLANG_ENABLE_OBJC_WEAK = YES;
				CLANG_WARN_BLOCK_CAPTURE_AUTORELEASING = YES;
				CLANG_WARN_BOOL_CONVERSION = YES;
				CLANG_WARN_COMMA = YES;
				CLANG_WARN_CONSTANT_CONVERSION = YES;
				CLANG_WARN_DEPRECATED_OBJC_IMPLEMENTATIONS = YES;
				CLANG_WARN_DIRECT_OBJC_ISA_USAGE = YES_ERROR;
				CLANG_WARN_DOCUMENTATION_COMMENTS = YES;
				CLANG_WARN_EMPTY_BODY = YES;
				CLANG_WARN_ENUM_CONVERSION = YES;
				CLANG_WARN_INFINITE_RECURSION = YES;
				CLANG_WARN_INT_CONVERSION = YES;
				CLANG_WARN_NON_LITERAL_NULL_CONVERSION = YES;
				CLANG_WARN_OBJC_IMPLICIT_RETAIN_SELF = YES;
				CLANG_WARN_OBJC_LITERAL_CONVERSION = YES;
				CLANG_WARN_OBJC_ROOT_CLASS = YES_ERROR;
				CLANG_WARN_RANGE_LOOP_ANALYSIS = YES;
				CLANG_WARN_STRICT_PROTOTYPES = YES;
				CLANG_WARN_SUSPICIOUS_MOVE = YES;
				CLANG_WARN_UNGUARDED_AVAILABILITY = YES_AGGRESSIVE;
				CLANG_WARN_UNREACHABLE_CODE = YES;
				CLANG_WARN__DUPLICATE_METHOD_MATCH = YES;
				COPY_PHASE_STRIP = NO;
				DEBUG_INFORMATION_FORMAT = "dwarf-with-dsym";
				ENABLE_NS_ASSERTIONS = NO;
				ENABLE_STRICT_OBJC_MSGSEND = YES;
				GCC_C_LANGUAGE_STANDARD = gnu11;
				GCC_NO_COMMON_BLOCKS = YES;
				GCC_WARN_64_TO_32_BIT_CONVERSION = YES;
				GCC_WARN_ABOUT_RETURN_TYPE = YES_ERROR;
				GCC_WARN_UNDECLARED_SELECTOR = YES;
				GCC_WARN_UNINITIALIZED_AUTOS = YES_AGGRESSIVE;
				GCC_WARN_UNUSED_FUNCTION = YES;
				GCC_WARN_UNUSED_VARIABLE = YES;
				IPHONEOS_DEPLOYMENT_TARGET = 13.0;
				MTL_ENABLE_DEBUG_INFO = NO;
				MTL_FAST_MATH = YES;
				SDKROOT = iphoneos;
				SWIFT_COMPILATION_MODE = wholemodule;
				SWIFT_OPTIMIZATION_LEVEL = "-O";
				VALIDATE_PRODUCT = YES;
			};
			name = Release;
		};
		1D06194E233096D300A8054C /* Debug */ = {
			isa = XCBuildConfiguration;
			buildSettings = {
				ASSETCATALOG_COMPILER_APPICON_NAME = AppIcon;
				CODE_SIGN_STYLE = Automatic;
				DEVELOPMENT_ASSET_PATHS = "\"periodic-table/Preview Content\"";
				DEVELOPMENT_TEAM = 2Q8C6SJMS3;
				ENABLE_PREVIEWS = YES;
				INFOPLIST_FILE = "periodic-table/Info.plist";
				LD_RUNPATH_SEARCH_PATHS = (
					"$(inherited)",
					"@executable_path/Frameworks",
				);
				PRODUCT_BUNDLE_IDENTIFIER = "do.able.periodic-table";
				PRODUCT_NAME = "$(TARGET_NAME)";
				SWIFT_VERSION = 5.0;
				TARGETED_DEVICE_FAMILY = "1,2";
			};
			name = Debug;
		};
		1D06194F233096D300A8054C /* Release */ = {
			isa = XCBuildConfiguration;
			buildSettings = {
				ASSETCATALOG_COMPILER_APPICON_NAME = AppIcon;
				CODE_SIGN_STYLE = Automatic;
				DEVELOPMENT_ASSET_PATHS = "\"periodic-table/Preview Content\"";
				DEVELOPMENT_TEAM = 2Q8C6SJMS3;
				ENABLE_PREVIEWS = YES;
				INFOPLIST_FILE = "periodic-table/Info.plist";
				LD_RUNPATH_SEARCH_PATHS = (
					"$(inherited)",
					"@executable_path/Frameworks",
				);
				PRODUCT_BUNDLE_IDENTIFIER = "do.able.periodic-table";
				PRODUCT_NAME = "$(TARGET_NAME)";
				SWIFT_VERSION = 5.0;
				TARGETED_DEVICE_FAMILY = "1,2";
			};
			name = Release;
		};
/* End XCBuildConfiguration section */

/* Begin XCConfigurationList section */
		1D061931233096D200A8054C /* Build configuration list for PBXProject "periodic-table" */ = {
			isa = XCConfigurationList;
			buildConfigurations = (
				1D06194B233096D300A8054C /* Debug */,
				1D06194C233096D300A8054C /* Release */,
			);
			defaultConfigurationIsVisible = 0;
			defaultConfigurationName = Release;
		};
		1D06194D233096D300A8054C /* Build configuration list for PBXNativeTarget "periodic-table" */ = {
			isa = XCConfigurationList;
			buildConfigurations = (
				1D06194E233096D300A8054C /* Debug */,
				1D06194F233096D300A8054C /* Release */,
			);
			defaultConfigurationIsVisible = 0;
			defaultConfigurationName = Release;
		};
/* End XCConfigurationList section */

/* Begin XCRemoteSwiftPackageReference section */
		1DD5F2F923FD48DC000C7D8E /* XCRemoteSwiftPackageReference "SDWebImageSwiftUI" */ = {
			isa = XCRemoteSwiftPackageReference;
			repositoryURL = "https://github.com/SDWebImage/SDWebImageSwiftUI.git";
			requirement = {
				kind = exactVersion;
				version = "1.0.0-beta2";
			};
		};
/* End XCRemoteSwiftPackageReference section */

/* Begin XCSwiftPackageProductDependency section */
		1DD5F2FA23FD48DC000C7D8E /* SDWebImageSwiftUI */ = {
			isa = XCSwiftPackageProductDependency;
			package = 1DD5F2F923FD48DC000C7D8E /* XCRemoteSwiftPackageReference "SDWebImageSwiftUI" */;
			productName = SDWebImageSwiftUI;
		};
/* End XCSwiftPackageProductDependency section */

/* Begin XCVersionGroup section */
		1D06193D233096D200A8054C /* periodic_table.xcdatamodeld */ = {
			isa = XCVersionGroup;
			children = (
				1D06193E233096D200A8054C /* periodic_table.xcdatamodel */,
			);
			currentVersion = 1D06193E233096D200A8054C /* periodic_table.xcdatamodel */;
			path = periodic_table.xcdatamodeld;
			sourceTree = "<group>";
			versionGroupType = wrapper.xcdatamodel;
		};
/* End XCVersionGroup section */
	};
	rootObject = 1D06192E233096D200A8054C /* Project object */;
}
